
Microsoft Visual Studio Solution File, Format Version 12.00
# Visual Studio Version 16
VisualStudioVersion = 16.0.30517.126
MinimumVisualStudioVersion = 10.0.40219.1
Project("{FAE04EC0-301F-11D3-BF4B-00C04F79EFBC}") = "GXC_API", "GXC_API\GXC_API.csproj", "{568E5C6E-1B77-404B-B33F-EBA53601E794}"
EndProject
Global
	GlobalSection(SolutionConfigurationPlatforms) = preSolution
		Debug|Any CPU = Debug|Any CPU
		Release|Any CPU = Release|Any CPU
	EndGlobalSection
	GlobalSection(ProjectConfigurationPlatforms) = postSolution
		{568E5C6E-1B77-404B-B33F-EBA53601E794}.Debug|Any CPU.ActiveCfg = Debug|Any CPU
		{568E5C6E-1B77-404B-B33F-EBA53601E794}.Debug|Any CPU.Build.0 = Debug|Any CPU
		{568E5C6E-1B77-404B-B33F-EBA53601E794}.Release|Any CPU.ActiveCfg = Release|Any CPU
		{568E5C6E-1B77-404B-B33F-EBA53601E794}.Release|Any CPU.Build.0 = Release|Any CPU
	EndGlobalSection
	GlobalSection(SolutionProperties) = preSolution
		HideSolutionNode = FALSE
	EndGlobalSection
	GlobalSection(ExtensibilityGlobals) = postSolution
		SolutionGuid = {1A866821-9750-4903-9718-7BFEA2664834}
	EndGlobalSection
EndGlobal
